
Microsoft Visual Studio Solution File, Format Version 12.00
# Visual Studio 15
Project("{FAE04EC0-301F-11D3-BF4B-00C04F79EFBC}") = "CrashCourse2020ExercisesDayTwo", "CrashCourse2020ExercisesDayTwo.csproj", "{4616D221-5D9C-4003-A10B-2B239FD8AAE5}"
EndProject
Global
	GlobalSection(SolutionConfigurationPlatforms) = preSolution
		Debug|Any CPU = Debug|Any CPU
		Release|Any CPU = Release|Any CPU
	EndGlobalSection
	GlobalSection(ProjectConfigurationPlatforms) = postSolution
		{4616D221-5D9C-4003-A10B-2B239FD8AAE5}.Debug|Any CPU.ActiveCfg = Debug|Any CPU
		{4616D221-5D9C-4003-A10B-2B239FD8AAE5}.Debug|Any CPU.Build.0 = Debug|Any CPU
		{4616D221-5D9C-4003-A10B-2B239FD8AAE5}.Release|Any CPU.ActiveCfg = Release|Any CPU
		{4616D221-5D9C-4003-A10B-2B239FD8AAE5}.Release|Any CPU.Build.0 = Release|Any CPU
	EndGlobalSection
EndGlobal
